
Microsoft Visual Studio Solution File, Format Version 12.00
# Visual Studio Version 16
VisualStudioVersion = 16.0.30524.135
MinimumVisualStudioVersion = 10.0.40219.1
Project("{FAE04EC0-301F-11D3-BF4B-00C04F79EFBC}") = "CouplesJournal", "CouplesJournal.csproj", "{A5A88818-5AF9-4336-A363-3D961E6CED9A}"
EndProject
Global
	GlobalSection(SolutionConfigurationPlatforms) = preSolution
		Debug|Any CPU = Debug|Any CPU
		Release|Any CPU = Release|Any CPU
	EndGlobalSection
	GlobalSection(ProjectConfigurationPlatforms) = postSolution
		{A5A88818-5AF9-4336-A363-3D961E6CED9A}.Debug|Any CPU.ActiveCfg = Debug|Any CPU
		{A5A88818-5AF9-4336-A363-3D961E6CED9A}.Debug|Any CPU.Build.0 = Debug|Any CPU
		{A5A88818-5AF9-4336-A363-3D961E6CED9A}.Release|Any CPU.ActiveCfg = Release|Any CPU
		{A5A88818-5AF9-4336-A363-3D961E6CED9A}.Release|Any CPU.Build.0 = Release|Any CPU
	EndGlobalSection
	GlobalSection(SolutionProperties) = preSolution
		HideSolutionNode = FALSE
	EndGlobalSection
	GlobalSection(ExtensibilityGlobals) = postSolution
		SolutionGuid = {C62D83AA-77C2-4093-A976-82E4A8EDAA7B}
	EndGlobalSection
EndGlobal
